
Microsoft Visual Studio Solution File, Format Version 12.00
# Visual Studio Version 16
VisualStudioVersion = 16.0.30002.166
MinimumVisualStudioVersion = 10.0.40219.1
Project("{FAE04EC0-301F-11D3-BF4B-00C04F79EFBC}") = "Cwiczenia10", "Cwiczenia10\Cwiczenia10.csproj", "{F52219FF-B45C-4A6E-9454-EFED84AD665F}"
EndProject
Global
	GlobalSection(SolutionConfigurationPlatforms) = preSolution
		Debug|Any CPU = Debug|Any CPU
		Release|Any CPU = Release|Any CPU
	EndGlobalSection
	GlobalSection(ProjectConfigurationPlatforms) = postSolution
		{F52219FF-B45C-4A6E-9454-EFED84AD665F}.Debug|Any CPU.ActiveCfg = Debug|Any CPU
		{F52219FF-B45C-4A6E-9454-EFED84AD665F}.Debug|Any CPU.Build.0 = Debug|Any CPU
		{F52219FF-B45C-4A6E-9454-EFED84AD665F}.Release|Any CPU.ActiveCfg = Release|Any CPU
		{F52219FF-B45C-4A6E-9454-EFED84AD665F}.Release|Any CPU.Build.0 = Release|Any CPU
	EndGlobalSection
	GlobalSection(SolutionProperties) = preSolution
		HideSolutionNode = FALSE
	EndGlobalSection
	GlobalSection(ExtensibilityGlobals) = postSolution
		SolutionGuid = {6E17E6A7-BBDC-4080-B6E9-D2C77873E120}
	EndGlobalSection
EndGlobal
